
Microsoft Visual Studio Solution File, Format Version 12.00
# Visual Studio Version 17
VisualStudioVersion = 17.10.35122.118
MinimumVisualStudioVersion = 10.0.40219.1
Project("{FAE04EC0-301F-11D3-BF4B-00C04F79EFBC}") = "Asmet1", "Asmet1\Asmet1.csproj", "{F90BD624-EBEB-4992-8C6D-70BA4D090AF2}"
EndProject
Global
	GlobalSection(SolutionConfigurationPlatforms) = preSolution
		Debug|Any CPU = Debug|Any CPU
		Release|Any CPU = Release|Any CPU
	EndGlobalSection
	GlobalSection(ProjectConfigurationPlatforms) = postSolution
		{F90BD624-EBEB-4992-8C6D-70BA4D090AF2}.Debug|Any CPU.ActiveCfg = Debug|Any CPU
		{F90BD624-EBEB-4992-8C6D-70BA4D090AF2}.Debug|Any CPU.Build.0 = Debug|Any CPU
		{F90BD624-EBEB-4992-8C6D-70BA4D090AF2}.Release|Any CPU.ActiveCfg = Release|Any CPU
		{F90BD624-EBEB-4992-8C6D-70BA4D090AF2}.Release|Any CPU.Build.0 = Release|Any CPU
	EndGlobalSection
	GlobalSection(SolutionProperties) = preSolution
		HideSolutionNode = FALSE
	EndGlobalSection
	GlobalSection(ExtensibilityGlobals) = postSolution
		SolutionGuid = {D8C87FA0-3FCE-42D4-A91C-AE46F48E2783}
	EndGlobalSection
EndGlobal
